
Microsoft Visual Studio Solution File, Format Version 12.00
# Visual Studio Version 17
VisualStudioVersion = 17.0.32112.339
MinimumVisualStudioVersion = 10.0.40219.1
Project("{FAE04EC0-301F-11D3-BF4B-00C04F79EFBC}") = "WeChartOpen", "WeChartOpen\WeChartOpen.csproj", "{3CBFA097-C4A8-4A32-91AA-F2539AC91967}"
EndProject
Global
	GlobalSection(SolutionConfigurationPlatforms) = preSolution
		Debug|Any CPU = Debug|Any CPU
		Release|Any CPU = Release|Any CPU
	EndGlobalSection
	GlobalSection(ProjectConfigurationPlatforms) = postSolution
		{3CBFA097-C4A8-4A32-91AA-F2539AC91967}.Debug|Any CPU.ActiveCfg = Debug|Any CPU
		{3CBFA097-C4A8-4A32-91AA-F2539AC91967}.Debug|Any CPU.Build.0 = Debug|Any CPU
		{3CBFA097-C4A8-4A32-91AA-F2539AC91967}.Release|Any CPU.ActiveCfg = Release|Any CPU
		{3CBFA097-C4A8-4A32-91AA-F2539AC91967}.Release|Any CPU.Build.0 = Release|Any CPU
	EndGlobalSection
	GlobalSection(SolutionProperties) = preSolution
		HideSolutionNode = FALSE
	EndGlobalSection
	GlobalSection(ExtensibilityGlobals) = postSolution
		SolutionGuid = {EA5A6FB0-D36D-4570-88C9-CF0EE096FDC9}
	EndGlobalSection
EndGlobal
